# Prisma Migrate lockfile v1

20201029090839-init
20201031184112-command-visited-nodes
20201101182311-user-node-specific-action
20201101182749-user-meta-keys
20201102153638-user-level
20201102191310
20201104041959-last-points-change
20201104151241-user-meta-dq
20201104175506-command-user-agent
20201108124921-user-attempt-sus